version = 1
revision = 3
requires-python = ">=3.12"

[[package]]
name = "g"
version = "0.1.0"
source = { virtual = "." }
dependencies = [
    { name = "xlsx2csv" },
]

[package.metadata]
requires-dist = [{ name = "xlsx2csv", specifier = ">=0.8.6" }]

[[package]]
name = "xlsx2csv"
version = "0.8.6"
source = { registry = "https://pypi.org/simple" }
sdist = { url = "https://files.pythonhosted.org/packages/62/36/9d53c4a72dcdc08fcf46f3d02f71f22bc693bb66e87bd935e0c9668500ad/xlsx2csv-0.8.6.tar.gz", hash = "sha256:618fc502612860de8ab8e3d6195e99ef332fffc68337f6b89e59690aad0d20b5", size = 228308, upload-time = "2026-01-30T15:59:08.47Z" }
wheels = [
    { url = "https://files.pythonhosted.org/packages/f4/d6/9fd7e753a927cb11d039848a659124e6ec4cfe008704bb2790df7712c36d/xlsx2csv-0.8.6-py3-none-any.whl", hash = "sha256:415341e348b4c474cc84a4c23c4d116e0be07c89be6a84c5fde5e4c948db1943", size = 17204, upload-time = "2026-01-31T10:35:20.653Z" },
]
